
Microsoft Visual Studio Solution File, Format Version 10.00
# Visual Studio 2008
Project("{FAE04EC0-301F-11D3-BF4B-00C04F79EFBC}") = "Odyssey.Web", "Odyssey.Web\Odyssey.Web.csproj", "{47BF4136-3F08-4B26-9D6C-E52E9D1FBBC1}"
EndProject
Project("{FAE04EC0-301F-11D3-BF4B-00C04F79EFBC}") = "TestApp", "TestApp\TestApp.csproj", "{D63E0FA3-4067-431A-BF30-48B8050DA242}"
EndProject
Global
	GlobalSection(TeamFoundationVersionControl) = preSolution
		SccNumberOfProjects = 3
		SccEnterpriseProvider = {4CA58AB2-18FA-4F8D-95D4-32DDF27D184C}
		SccTeamFoundationServer = https://tfs08.codeplex.com/
		SccLocalPath0 = .
		SccProjectUniqueName1 = Odyssey.Web\\Odyssey.Web.csproj
		SccProjectName1 = Odyssey.Web
		SccLocalPath1 = Odyssey.Web
		SccProjectUniqueName2 = TestApp\\TestApp.csproj
		SccProjectName2 = TestApp
		SccLocalPath2 = TestApp
	EndGlobalSection
	GlobalSection(SolutionConfigurationPlatforms) = preSolution
		Debug|Any CPU = Debug|Any CPU
		Release|Any CPU = Release|Any CPU
	EndGlobalSection
	GlobalSection(ProjectConfigurationPlatforms) = postSolution
		{47BF4136-3F08-4B26-9D6C-E52E9D1FBBC1}.Debug|Any CPU.ActiveCfg = Debug|Any CPU
		{47BF4136-3F08-4B26-9D6C-E52E9D1FBBC1}.Debug|Any CPU.Build.0 = Debug|Any CPU
		{47BF4136-3F08-4B26-9D6C-E52E9D1FBBC1}.Release|Any CPU.ActiveCfg = Release|Any CPU
		{47BF4136-3F08-4B26-9D6C-E52E9D1FBBC1}.Release|Any CPU.Build.0 = Release|Any CPU
		{D63E0FA3-4067-431A-BF30-48B8050DA242}.Debug|Any CPU.ActiveCfg = Debug|Any CPU
		{D63E0FA3-4067-431A-BF30-48B8050DA242}.Debug|Any CPU.Build.0 = Debug|Any CPU
		{D63E0FA3-4067-431A-BF30-48B8050DA242}.Release|Any CPU.ActiveCfg = Release|Any CPU
		{D63E0FA3-4067-431A-BF30-48B8050DA242}.Release|Any CPU.Build.0 = Release|Any CPU
	EndGlobalSection
	GlobalSection(SolutionProperties) = preSolution
		HideSolutionNode = FALSE
	EndGlobalSection
EndGlobal
