
Microsoft Visual Studio Solution File, Format Version 10.00
# Visual Studio 2008
Project("{FAE04EC0-301F-11D3-BF4B-00C04F79EFBC}") = "Odyssey.Controls", "BreadcrumbBar\Odyssey.Controls.csproj", "{333FDC55-6B47-4A64-A2DF-A4C5823FAC74}"
EndProject
Project("{FAE04EC0-301F-11D3-BF4B-00C04F79EFBC}") = "BreadcrumbWithDataSourceExample", "BreadcrumbWithDataSourceExample\BreadcrumbWithDataSourceExample.csproj", "{A55114A5-6994-4990-8F8B-C09D2D30EE05}"
EndProject
Project("{FAE04EC0-301F-11D3-BF4B-00C04F79EFBC}") = "FileBrowserExample", "FileBrowser\FileBrowserExample.csproj", "{F41A958B-D4F1-49A3-AECC-570AFA2F1030}"
EndProject
Project("{FAE04EC0-301F-11D3-BF4B-00C04F79EFBC}") = "ExpanderDemo", "ExpanderDemo\ExpanderDemo.csproj", "{A246A0E8-29CA-41CF-982D-04FBD079FC17}"
EndProject
Global
	GlobalSection(TeamFoundationVersionControl) = preSolution
		SccNumberOfProjects = 5
		SccEnterpriseProvider = {4CA58AB2-18FA-4F8D-95D4-32DDF27D184C}
		SccTeamFoundationServer = https://tfs08.codeplex.com/
		SccLocalPath0 = .
		SccProjectUniqueName1 = BreadcrumbBar\\Odyssey.Controls.csproj
		SccProjectName1 = BreadcrumbBar
		SccLocalPath1 = BreadcrumbBar
		SccProjectUniqueName2 = BreadcrumbWithDataSourceExample\\BreadcrumbWithDataSourceExample.csproj
		SccProjectName2 = BreadcrumbWithDataSourceExample
		SccLocalPath2 = BreadcrumbWithDataSourceExample
		SccProjectUniqueName3 = FileBrowser\\FileBrowserExample.csproj
		SccProjectName3 = FileBrowser
		SccLocalPath3 = FileBrowser
		SccProjectUniqueName4 = ExpanderDemo\\ExpanderDemo.csproj
		SccProjectName4 = ExpanderDemo
		SccLocalPath4 = ExpanderDemo
	EndGlobalSection
	GlobalSection(SolutionConfigurationPlatforms) = preSolution
		Debug|Any CPU = Debug|Any CPU
		Release|Any CPU = Release|Any CPU
	EndGlobalSection
	GlobalSection(ProjectConfigurationPlatforms) = postSolution
		{333FDC55-6B47-4A64-A2DF-A4C5823FAC74}.Debug|Any CPU.ActiveCfg = Debug|Any CPU
		{333FDC55-6B47-4A64-A2DF-A4C5823FAC74}.Debug|Any CPU.Build.0 = Debug|Any CPU
		{333FDC55-6B47-4A64-A2DF-A4C5823FAC74}.Release|Any CPU.ActiveCfg = Release|Any CPU
		{333FDC55-6B47-4A64-A2DF-A4C5823FAC74}.Release|Any CPU.Build.0 = Release|Any CPU
		{A55114A5-6994-4990-8F8B-C09D2D30EE05}.Debug|Any CPU.ActiveCfg = Debug|Any CPU
		{A55114A5-6994-4990-8F8B-C09D2D30EE05}.Debug|Any CPU.Build.0 = Debug|Any CPU
		{A55114A5-6994-4990-8F8B-C09D2D30EE05}.Release|Any CPU.ActiveCfg = Release|Any CPU
		{A55114A5-6994-4990-8F8B-C09D2D30EE05}.Release|Any CPU.Build.0 = Release|Any CPU
		{F41A958B-D4F1-49A3-AECC-570AFA2F1030}.Debug|Any CPU.ActiveCfg = Debug|Any CPU
		{F41A958B-D4F1-49A3-AECC-570AFA2F1030}.Debug|Any CPU.Build.0 = Debug|Any CPU
		{F41A958B-D4F1-49A3-AECC-570AFA2F1030}.Release|Any CPU.ActiveCfg = Release|Any CPU
		{F41A958B-D4F1-49A3-AECC-570AFA2F1030}.Release|Any CPU.Build.0 = Release|Any CPU
		{A246A0E8-29CA-41CF-982D-04FBD079FC17}.Debug|Any CPU.ActiveCfg = Debug|Any CPU
		{A246A0E8-29CA-41CF-982D-04FBD079FC17}.Debug|Any CPU.Build.0 = Debug|Any CPU
		{A246A0E8-29CA-41CF-982D-04FBD079FC17}.Release|Any CPU.ActiveCfg = Release|Any CPU
		{A246A0E8-29CA-41CF-982D-04FBD079FC17}.Release|Any CPU.Build.0 = Release|Any CPU
	EndGlobalSection
	GlobalSection(SolutionProperties) = preSolution
		HideSolutionNode = FALSE
	EndGlobalSection
EndGlobal
